
Microsoft Visual Studio Solution File, Format Version 12.00
# Visual Studio Version 16
VisualStudioVersion = 16.0.29102.190
MinimumVisualStudioVersion = 10.0.40219.1
Project("{9A19103F-16F7-4668-BE54-9A1E7A4F7556}") = "UrlShortener.Api", "UrlShortener.Api\UrlShortener.Api.csproj", "{76286EDF-E892-423E-940C-E113DF8F2DA7}"
EndProject
Project("{FAE04EC0-301F-11D3-BF4B-00C04F79EFBC}") = "UrlShortener.Tests", "UrlShortener.Tests\UrlShortener.Tests.csproj", "{1FAF71BA-40BE-4909-8702-92890D8AAED4}"
EndProject
Global
	GlobalSection(SolutionConfigurationPlatforms) = preSolution
		Debug|Any CPU = Debug|Any CPU
		Release|Any CPU = Release|Any CPU
	EndGlobalSection
	GlobalSection(ProjectConfigurationPlatforms) = postSolution
		{76286EDF-E892-423E-940C-E113DF8F2DA7}.Debug|Any CPU.ActiveCfg = Debug|Any CPU
		{76286EDF-E892-423E-940C-E113DF8F2DA7}.Debug|Any CPU.Build.0 = Debug|Any CPU
		{76286EDF-E892-423E-940C-E113DF8F2DA7}.Release|Any CPU.ActiveCfg = Release|Any CPU
		{76286EDF-E892-423E-940C-E113DF8F2DA7}.Release|Any CPU.Build.0 = Release|Any CPU
		{1FAF71BA-40BE-4909-8702-92890D8AAED4}.Debug|Any CPU.ActiveCfg = Debug|Any CPU
		{1FAF71BA-40BE-4909-8702-92890D8AAED4}.Debug|Any CPU.Build.0 = Debug|Any CPU
		{1FAF71BA-40BE-4909-8702-92890D8AAED4}.Release|Any CPU.ActiveCfg = Release|Any CPU
		{1FAF71BA-40BE-4909-8702-92890D8AAED4}.Release|Any CPU.Build.0 = Release|Any CPU
	EndGlobalSection
	GlobalSection(SolutionProperties) = preSolution
		HideSolutionNode = FALSE
	EndGlobalSection
	GlobalSection(ExtensibilityGlobals) = postSolution
		SolutionGuid = {001EE8BF-B58D-4E9F-92B5-9B04B1FBE21A}
	EndGlobalSection
EndGlobal
